
Microsoft Visual Studio Solution File, Format Version 12.00
# Visual Studio Version 17
VisualStudioVersion = 17.2.32516.85
MinimumVisualStudioVersion = 10.0.40219.1
Project("{FAE04EC0-301F-11D3-BF4B-00C04F79EFBC}") = "MouseColorFinder", "MouseColorFinder.csproj", "{23692D73-62BF-49DC-9A32-D0CDFCC2AB80}"
EndProject
Global
	GlobalSection(SolutionConfigurationPlatforms) = preSolution
		Debug|Any CPU = Debug|Any CPU
		Release|Any CPU = Release|Any CPU
	EndGlobalSection
	GlobalSection(ProjectConfigurationPlatforms) = postSolution
		{23692D73-62BF-49DC-9A32-D0CDFCC2AB80}.Debug|Any CPU.ActiveCfg = Debug|Any CPU
		{23692D73-62BF-49DC-9A32-D0CDFCC2AB80}.Debug|Any CPU.Build.0 = Debug|Any CPU
		{23692D73-62BF-49DC-9A32-D0CDFCC2AB80}.Release|Any CPU.ActiveCfg = Release|Any CPU
		{23692D73-62BF-49DC-9A32-D0CDFCC2AB80}.Release|Any CPU.Build.0 = Release|Any CPU
	EndGlobalSection
	GlobalSection(SolutionProperties) = preSolution
		HideSolutionNode = FALSE
	EndGlobalSection
	GlobalSection(ExtensibilityGlobals) = postSolution
		SolutionGuid = {CAE1BC0D-792A-4C58-AD1D-603545B4ECD0}
	EndGlobalSection
EndGlobal
